// !$*UTF8*$!
{
	archiveVersion = 1;
	classes = {
	};
	objectVersion = 46;
	objects = {

/* Begin PBXBuildFile section */
		1F6D29821D91249D0018518E /* AppDelegate.swift in Sources */ = {isa = PBXBuildFile; fileRef = 1F6D29811D91249D0018518E /* AppDelegate.swift */; };
		1F6D29871D91249D0018518E /* Main.storyboard in Resources */ = {isa = PBXBuildFile; fileRef = 1F6D29851D91249D0018518E /* Main.storyboard */; };
		1F6D29891D91249D0018518E /* Assets.xcassets in Resources */ = {isa = PBXBuildFile; fileRef = 1F6D29881D91249D0018518E /* Assets.xcassets */; };
		1F6D298C1D91249D0018518E /* LaunchScreen.storyboard in Resources */ = {isa = PBXBuildFile; fileRef = 1F6D298A1D91249D0018518E /* LaunchScreen.storyboard */; };
		1F6D29971D91249D0018518E /* YLDouYuZBTests.swift in Sources */ = {isa = PBXBuildFile; fileRef = 1F6D29961D91249D0018518E /* YLDouYuZBTests.swift */; };
		1F6D29A21D91249D0018518E /* YLDouYuZBUITests.swift in Sources */ = {isa = PBXBuildFile; fileRef = 1F6D29A11D91249D0018518E /* YLDouYuZBUITests.swift */; };
		1F6D29C71D912FDB0018518E /* Home.storyboard in Resources */ = {isa = PBXBuildFile; fileRef = 1F6D29C61D912FDB0018518E /* Home.storyboard */; };
		1F6D29C91D9130480018518E /* Live.storyboard in Resources */ = {isa = PBXBuildFile; fileRef = 1F6D29C81D9130480018518E /* Live.storyboard */; };
		1F6D29CB1D9130AD0018518E /* Follow.storyboard in Resources */ = {isa = PBXBuildFile; fileRef = 1F6D29CA1D9130AD0018518E /* Follow.storyboard */; };
		1F6D29CF1D9131530018518E /* Proflie.storyboard in Resources */ = {isa = PBXBuildFile; fileRef = 1F6D29CE1D9131530018518E /* Proflie.storyboard */; };
		1F6D29D41D91364E0018518E /* YLMainViewController.swift in Sources */ = {isa = PBXBuildFile; fileRef = 1F6D29D31D91364E0018518E /* YLMainViewController.swift */; };
		1F6D29D61D9136DD0018518E /* YLHomeViewController.swift in Sources */ = {isa = PBXBuildFile; fileRef = 1F6D29D51D9136DD0018518E /* YLHomeViewController.swift */; };
		1F6D29D81D913C4C0018518E /* UIBarButtonItem-Extension.swift in Sources */ = {isa = PBXBuildFile; fileRef = 1F6D29D71D913C4C0018518E /* UIBarButtonItem-Extension.swift */; };
		790CDBB61D92500E00ADBE04 /* YLPageTitleView.swift in Sources */ = {isa = PBXBuildFile; fileRef = 790CDBB51D92500E00ADBE04 /* YLPageTitleView.swift */; };
		790CDBB81D92561800ADBE04 /* Common.swift in Sources */ = {isa = PBXBuildFile; fileRef = 790CDBB71D92561800ADBE04 /* Common.swift */; };
		79131E541DB07FD0000206F4 /* YLRecommendGameView.swift in Sources */ = {isa = PBXBuildFile; fileRef = 79131E531DB07FD0000206F4 /* YLRecommendGameView.swift */; };
		79131E561DB07FE6000206F4 /* YLRecommendGameView.xib in Resources */ = {isa = PBXBuildFile; fileRef = 79131E551DB07FE6000206F4 /* YLRecommendGameView.xib */; };
		79131E591DB0A967000206F4 /* YLCollectionGameCell.swift in Sources */ = {isa = PBXBuildFile; fileRef = 79131E571DB0A967000206F4 /* YLCollectionGameCell.swift */; };
		79131E5A1DB0A967000206F4 /* YLCollectionGameCell.xib in Resources */ = {isa = PBXBuildFile; fileRef = 79131E581DB0A967000206F4 /* YLCollectionGameCell.xib */; };
		7931DCBC1D98ED7A00E6ABD6 /* YLPageContentView.swift in Sources */ = {isa = PBXBuildFile; fileRef = 7931DCBB1D98ED7A00E6ABD6 /* YLPageContentView.swift */; };
		7931DCBE1D98F4DB00E6ABD6 /* UIColor-Extension.swift in Sources */ = {isa = PBXBuildFile; fileRef = 7931DCBD1D98F4DB00E6ABD6 /* UIColor-Extension.swift */; };
		7943042B1DAB3E4C005379C9 /* YLNetWorkTools.swift in Sources */ = {isa = PBXBuildFile; fileRef = 7943042A1DAB3E4C005379C9 /* YLNetWorkTools.swift */; };
		7943042E1DAB60E0005379C9 /* YLRecommendViewModel.swift in Sources */ = {isa = PBXBuildFile; fileRef = 7943042D1DAB60E0005379C9 /* YLRecommendViewModel.swift */; };
		794304301DAB6739005379C9 /* NSDate-Extension.swift in Sources */ = {isa = PBXBuildFile; fileRef = 7943042F1DAB6739005379C9 /* NSDate-Extension.swift */; };
		7943043A1DAB7245005379C9 /* YLAnchorGroupModel.swift in Sources */ = {isa = PBXBuildFile; fileRef = 794304391DAB7245005379C9 /* YLAnchorGroupModel.swift */; };
		7943043C1DAB7BD3005379C9 /* YLAnchorModel.swift in Sources */ = {isa = PBXBuildFile; fileRef = 7943043B1DAB7BD3005379C9 /* YLAnchorModel.swift */; };
		794452961D9E487500832E2B /* YLRecommendationViewController.swift in Sources */ = {isa = PBXBuildFile; fileRef = 794452951D9E487500832E2B /* YLRecommendationViewController.swift */; };
		79CC3E3B1DAF1B68004C3560 /* YLRecommendCycleView.swift in Sources */ = {isa = PBXBuildFile; fileRef = 79CC3E3A1DAF1B68004C3560 /* YLRecommendCycleView.swift */; };
		79CC3E3D1DAF1B83004C3560 /* YLRecommendCycleView.xib in Resources */ = {isa = PBXBuildFile; fileRef = 79CC3E3C1DAF1B83004C3560 /* YLRecommendCycleView.xib */; };
		79CC3E3F1DAF5098004C3560 /* YLCycleModel.swift in Sources */ = {isa = PBXBuildFile; fileRef = 79CC3E3E1DAF5098004C3560 /* YLCycleModel.swift */; };
		79CC3E421DAF61BA004C3560 /* YLCollectionCycleCell.swift in Sources */ = {isa = PBXBuildFile; fileRef = 79CC3E401DAF61BA004C3560 /* YLCollectionCycleCell.swift */; };
		79CC3E431DAF61BA004C3560 /* YLCollectionCycleCell.xib in Resources */ = {isa = PBXBuildFile; fileRef = 79CC3E411DAF61BA004C3560 /* YLCollectionCycleCell.xib */; };
		79D4D4B11DAE2D77008FAAF7 /* YLCollectionBaseCell.swift in Sources */ = {isa = PBXBuildFile; fileRef = 79D4D4B01DAE2D77008FAAF7 /* YLCollectionBaseCell.swift */; };
		79F5F4221DAA218C00B2E68C /* YLCollectionHeaderView.swift in Sources */ = {isa = PBXBuildFile; fileRef = 79F5F4201DAA218C00B2E68C /* YLCollectionHeaderView.swift */; };
		79F5F4231DAA218C00B2E68C /* YLCollectionHeaderView.xib in Resources */ = {isa = PBXBuildFile; fileRef = 79F5F4211DAA218C00B2E68C /* YLCollectionHeaderView.xib */; };
		79F5F4261DAA2A6800B2E68C /* YLCollectionNormalCell.swift in Sources */ = {isa = PBXBuildFile; fileRef = 79F5F4241DAA2A6800B2E68C /* YLCollectionNormalCell.swift */; };
		79F5F4271DAA2A6800B2E68C /* YLCollectionNormalCell.xib in Resources */ = {isa = PBXBuildFile; fileRef = 79F5F4251DAA2A6800B2E68C /* YLCollectionNormalCell.xib */; };
		79F5F42A1DAA41EA00B2E68C /* YLCollectionPrettyCell.swift in Sources */ = {isa = PBXBuildFile; fileRef = 79F5F4281DAA41EA00B2E68C /* YLCollectionPrettyCell.swift */; };
		79F5F42B1DAA41EA00B2E68C /* YLCollectionPrettyCell.xib in Resources */ = {isa = PBXBuildFile; fileRef = 79F5F4291DAA41EA00B2E68C /* YLCollectionPrettyCell.xib */; };
		C3E5650EF0517C38168CC842 /* Pods_YLDouYuZB.framework in Frameworks */ = {isa = PBXBuildFile; fileRef = F7468B7355B7B5CB8C1C7D26 /* Pods_YLDouYuZB.framework */; };
/* End PBXBuildFile section */

/* Begin PBXContainerItemProxy section */
		1F6D29931D91249D0018518E /* PBXContainerItemProxy */ = {
			isa = PBXContainerItemProxy;
			containerPortal = 1F6D29761D91249C0018518E /* Project object */;
			proxyType = 1;
			remoteGlobalIDString = 1F6D297D1D91249C0018518E;
			remoteInfo = YLDouYuZB;
		};
		1F6D299E1D91249D0018518E /* PBXContainerItemProxy */ = {
			isa = PBXContainerItemProxy;
			containerPortal = 1F6D29761D91249C0018518E /* Project object */;
			proxyType = 1;
			remoteGlobalIDString = 1F6D297D1D91249C0018518E;
			remoteInfo = YLDouYuZB;
		};
/* End PBXContainerItemProxy section */

/* Begin PBXFileReference section */
		1F6D297E1D91249D0018518E /* YLDouYuZB.app */ = {isa = PBXFileReference; explicitFileType = wrapper.application; includeInIndex = 0; path = YLDouYuZB.app; sourceTree = BUILT_PRODUCTS_DIR; };
		1F6D29811D91249D0018518E /* AppDelegate.swift */ = {isa = PBXFileReference; lastKnownFileType = sourcecode.swift; path = AppDelegate.swift; sourceTree = "<group>"; };
		1F6D29861D91249D0018518E /* Base */ = {isa = PBXFileReference; lastKnownFileType = file.storyboard; name = Base; path = Base.lproj/Main.storyboard; sourceTree = "<group>"; };
		1F6D29881D91249D0018518E /* Assets.xcassets */ = {isa = PBXFileReference; lastKnownFileType = folder.assetcatalog; path = Assets.xcassets; sourceTree = "<group>"; };
		1F6D298B1D91249D0018518E /* Base */ = {isa = PBXFileReference; lastKnownFileType = file.storyboard; name = Base; path = Base.lproj/LaunchScreen.storyboard; sourceTree = "<group>"; };
		1F6D298D1D91249D0018518E /* Info.plist */ = {isa = PBXFileReference; lastKnownFileType = text.plist.xml; path = Info.plist; sourceTree = "<group>"; };
		1F6D29921D91249D0018518E /* YLDouYuZBTests.xctest */ = {isa = PBXFileReference; explicitFileType = wrapper.cfbundle; includeInIndex = 0; path = YLDouYuZBTests.xctest; sourceTree = BUILT_PRODUCTS_DIR; };
		1F6D29961D91249D0018518E /* YLDouYuZBTests.swift */ = {isa = PBXFileReference; lastKnownFileType = sourcecode.swift; path = YLDouYuZBTests.swift; sourceTree = "<group>"; };
		1F6D29981D91249D0018518E /* Info.plist */ = {isa = PBXFileReference; lastKnownFileType = text.plist.xml; path = Info.plist; sourceTree = "<group>"; };
		1F6D299D1D91249D0018518E /* YLDouYuZBUITests.xctest */ = {isa = PBXFileReference; explicitFileType = wrapper.cfbundle; includeInIndex = 0; path = YLDouYuZBUITests.xctest; sourceTree = BUILT_PRODUCTS_DIR; };
		1F6D29A11D91249D0018518E /* YLDouYuZBUITests.swift */ = {isa = PBXFileReference; lastKnownFileType = sourcecode.swift; path = YLDouYuZBUITests.swift; sourceTree = "<group>"; };
		1F6D29A31D91249D0018518E /* Info.plist */ = {isa = PBXFileReference; lastKnownFileType = text.plist.xml; path = Info.plist; sourceTree = "<group>"; };
		1F6D29C61D912FDB0018518E /* Home.storyboard */ = {isa = PBXFileReference; fileEncoding = 4; lastKnownFileType = file.storyboard; name = Home.storyboard; path = YLDouYuZB/Classes/Home/Controller/Home.storyboard; sourceTree = SOURCE_ROOT; };
		1F6D29C81D9130480018518E /* Live.storyboard */ = {isa = PBXFileReference; fileEncoding = 4; lastKnownFileType = file.storyboard; name = Live.storyboard; path = YLDouYuZB/Classes/Live/Controller/Live.storyboard; sourceTree = SOURCE_ROOT; };
		1F6D29CA1D9130AD0018518E /* Follow.storyboard */ = {isa = PBXFileReference; fileEncoding = 4; lastKnownFileType = file.storyboard; name = Follow.storyboard; path = YLDouYuZB/Classes/Follow/Controller/Follow.storyboard; sourceTree = SOURCE_ROOT; };
		1F6D29CE1D9131530018518E /* Proflie.storyboard */ = {isa = PBXFileReference; fileEncoding = 4; lastKnownFileType = file.storyboard; name = Proflie.storyboard; path = YLDouYuZB/Classes/Profile/Controller/Proflie.storyboard; sourceTree = SOURCE_ROOT; };
		1F6D29D31D91364E0018518E /* YLMainViewController.swift */ = {isa = PBXFileReference; fileEncoding = 4; lastKnownFileType = sourcecode.swift; path = YLMainViewController.swift; sourceTree = "<group>"; };
		1F6D29D51D9136DD0018518E /* YLHomeViewController.swift */ = {isa = PBXFileReference; fileEncoding = 4; lastKnownFileType = sourcecode.swift; path = YLHomeViewController.swift; sourceTree = "<group>"; };
		1F6D29D71D913C4C0018518E /* UIBarButtonItem-Extension.swift */ = {isa = PBXFileReference; fileEncoding = 4; lastKnownFileType = sourcecode.swift; path = "UIBarButtonItem-Extension.swift"; sourceTree = "<group>"; };
		2E1FA08B101B39C7623DCD91 /* Pods-YLDouYuZB.release.xcconfig */ = {isa = PBXFileReference; includeInIndex = 1; lastKnownFileType = text.xcconfig; name = "Pods-YLDouYuZB.release.xcconfig"; path = "Pods/Target Support Files/Pods-YLDouYuZB/Pods-YLDouYuZB.release.xcconfig"; sourceTree = "<group>"; };
		48561886DB0AD8267F1A28D0 /* Pods-YLDouYuZB.debug.xcconfig */ = {isa = PBXFileReference; includeInIndex = 1; lastKnownFileType = text.xcconfig; name = "Pods-YLDouYuZB.debug.xcconfig"; path = "Pods/Target Support Files/Pods-YLDouYuZB/Pods-YLDouYuZB.debug.xcconfig"; sourceTree = "<group>"; };
		790CDBB51D92500E00ADBE04 /* YLPageTitleView.swift */ = {isa = PBXFileReference; fileEncoding = 4; lastKnownFileType = sourcecode.swift; name = YLPageTitleView.swift; path = YLDouYuZB/Classes/Main/Controller/YLPageTitleView.swift; sourceTree = SOURCE_ROOT; };
		790CDBB71D92561800ADBE04 /* Common.swift */ = {isa = PBXFileReference; fileEncoding = 4; lastKnownFileType = sourcecode.swift; path = Common.swift; sourceTree = "<group>"; };
		79131E531DB07FD0000206F4 /* YLRecommendGameView.swift */ = {isa = PBXFileReference; fileEncoding = 4; lastKnownFileType = sourcecode.swift; name = YLRecommendGameView.swift; path = YLDouYuZB/Classes/Home/YLRecommendGameView.swift; sourceTree = SOURCE_ROOT; };
		79131E551DB07FE6000206F4 /* YLRecommendGameView.xib */ = {isa = PBXFileReference; fileEncoding = 4; lastKnownFileType = file.xib; name = YLRecommendGameView.xib; path = YLDouYuZB/Classes/Home/YLRecommendGameView.xib; sourceTree = SOURCE_ROOT; };
		79131E571DB0A967000206F4 /* YLCollectionGameCell.swift */ = {isa = PBXFileReference; fileEncoding = 4; lastKnownFileType = sourcecode.swift; name = YLCollectionGameCell.swift; path = YLDouYuZB/Classes/Home/YLCollectionGameCell.swift; sourceTree = SOURCE_ROOT; };
		79131E581DB0A967000206F4 /* YLCollectionGameCell.xib */ = {isa = PBXFileReference; fileEncoding = 4; lastKnownFileType = file.xib; name = YLCollectionGameCell.xib; path = YLDouYuZB/Classes/Home/YLCollectionGameCell.xib; sourceTree = SOURCE_ROOT; };
		7931DCBB1D98ED7A00E6ABD6 /* YLPageContentView.swift */ = {isa = PBXFileReference; fileEncoding = 4; lastKnownFileType = sourcecode.swift; name = YLPageContentView.swift; path = YLDouYuZB/Classes/Main/Controller/YLPageContentView.swift; sourceTree = SOURCE_ROOT; };
		7931DCBD1D98F4DB00E6ABD6 /* UIColor-Extension.swift */ = {isa = PBXFileReference; fileEncoding = 4; lastKnownFileType = sourcecode.swift; path = "UIColor-Extension.swift"; sourceTree = "<group>"; };
		7943042A1DAB3E4C005379C9 /* YLNetWorkTools.swift */ = {isa = PBXFileReference; fileEncoding = 4; lastKnownFileType = sourcecode.swift; path = YLNetWorkTools.swift; sourceTree = "<group>"; };
		7943042D1DAB60E0005379C9 /* YLRecommendViewModel.swift */ = {isa = PBXFileReference; fileEncoding = 4; lastKnownFileType = sourcecode.swift; path = YLRecommendViewModel.swift; sourceTree = "<group>"; };
		7943042F1DAB6739005379C9 /* NSDate-Extension.swift */ = {isa = PBXFileReference; fileEncoding = 4; lastKnownFileType = sourcecode.swift; path = "NSDate-Extension.swift"; sourceTree = "<group>"; };
		794304391DAB7245005379C9 /* YLAnchorGroupModel.swift */ = {isa = PBXFileReference; fileEncoding = 4; lastKnownFileType = sourcecode.swift; path = YLAnchorGroupModel.swift; sourceTree = "<group>"; };
		7943043B1DAB7BD3005379C9 /* YLAnchorModel.swift */ = {isa = PBXFileReference; fileEncoding = 4; lastKnownFileType = sourcecode.swift; path = YLAnchorModel.swift; sourceTree = "<group>"; };
		794452951D9E487500832E2B /* YLRecommendationViewController.swift */ = {isa = PBXFileReference; fileEncoding = 4; lastKnownFileType = sourcecode.swift; path = YLRecommendationViewController.swift; sourceTree = "<group>"; };
		79CC3E3A1DAF1B68004C3560 /* YLRecommendCycleView.swift */ = {isa = PBXFileReference; fileEncoding = 4; lastKnownFileType = sourcecode.swift; name = YLRecommendCycleView.swift; path = YLDouYuZB/Classes/Main/Model/YLRecommendCycleView.swift; sourceTree = SOURCE_ROOT; };
		79CC3E3C1DAF1B83004C3560 /* YLRecommendCycleView.xib */ = {isa = PBXFileReference; fileEncoding = 4; lastKnownFileType = file.xib; name = YLRecommendCycleView.xib; path = YLDouYuZB/Classes/Main/Model/YLRecommendCycleView.xib; sourceTree = SOURCE_ROOT; };
		79CC3E3E1DAF5098004C3560 /* YLCycleModel.swift */ = {isa = PBXFileReference; fileEncoding = 4; lastKnownFileType = sourcecode.swift; path = YLCycleModel.swift; sourceTree = "<group>"; };
		79CC3E401DAF61BA004C3560 /* YLCollectionCycleCell.swift */ = {isa = PBXFileReference; fileEncoding = 4; lastKnownFileType = sourcecode.swift; name = YLCollectionCycleCell.swift; path = YLDouYuZB/Classes/Home/Model/YLCollectionCycleCell.swift; sourceTree = SOURCE_ROOT; };
		79CC3E411DAF61BA004C3560 /* YLCollectionCycleCell.xib */ = {isa = PBXFileReference; fileEncoding = 4; lastKnownFileType = file.xib; name = YLCollectionCycleCell.xib; path = YLDouYuZB/Classes/Home/Model/YLCollectionCycleCell.xib; sourceTree = SOURCE_ROOT; };
		79D4D4B01DAE2D77008FAAF7 /* YLCollectionBaseCell.swift */ = {isa = PBXFileReference; fileEncoding = 4; lastKnownFileType = sourcecode.swift; name = YLCollectionBaseCell.swift; path = YLDouYuZB/Classes/Main/Model/YLCollectionBaseCell.swift; sourceTree = SOURCE_ROOT; };
		79F5F4201DAA218C00B2E68C /* YLCollectionHeaderView.swift */ = {isa = PBXFileReference; fileEncoding = 4; lastKnownFileType = sourcecode.swift; name = YLCollectionHeaderView.swift; path = YLDouYuZB/Classes/Home/Controller/YLCollectionHeaderView.swift; sourceTree = SOURCE_ROOT; };
		79F5F4211DAA218C00B2E68C /* YLCollectionHeaderView.xib */ = {isa = PBXFileReference; fileEncoding = 4; lastKnownFileType = file.xib; name = YLCollectionHeaderView.xib; path = YLDouYuZB/Classes/Home/Controller/YLCollectionHeaderView.xib; sourceTree = SOURCE_ROOT; };
		79F5F4241DAA2A6800B2E68C /* YLCollectionNormalCell.swift */ = {isa = PBXFileReference; fileEncoding = 4; lastKnownFileType = sourcecode.swift; name = YLCollectionNormalCell.swift; path = YLDouYuZB/Classes/Home/Controller/YLCollectionNormalCell.swift; sourceTree = SOURCE_ROOT; };
		79F5F4251DAA2A6800B2E68C /* YLCollectionNormalCell.xib */ = {isa = PBXFileReference; fileEncoding = 4; lastKnownFileType = file.xib; name = YLCollectionNormalCell.xib; path = YLDouYuZB/Classes/Home/Controller/YLCollectionNormalCell.xib; sourceTree = SOURCE_ROOT; };
		79F5F4281DAA41EA00B2E68C /* YLCollectionPrettyCell.swift */ = {isa = PBXFileReference; fileEncoding = 4; lastKnownFileType = sourcecode.swift; name = YLCollectionPrettyCell.swift; path = YLDouYuZB/Classes/Home/Controller/YLCollectionPrettyCell.swift; sourceTree = SOURCE_ROOT; };
		79F5F4291DAA41EA00B2E68C /* YLCollectionPrettyCell.xib */ = {isa = PBXFileReference; fileEncoding = 4; lastKnownFileType = file.xib; name = YLCollectionPrettyCell.xib; path = YLDouYuZB/Classes/Home/Controller/YLCollectionPrettyCell.xib; sourceTree = SOURCE_ROOT; };
		F7468B7355B7B5CB8C1C7D26 /* Pods_YLDouYuZB.framework */ = {isa = PBXFileReference; explicitFileType = wrapper.framework; includeInIndex = 0; path = Pods_YLDouYuZB.framework; sourceTree = BUILT_PRODUCTS_DIR; };
/* End PBXFileReference section */

/* Begin PBXFrameworksBuildPhase section */
		1F6D297B1D91249C0018518E /* Frameworks */ = {
			isa = PBXFrameworksBuildPhase;
			buildActionMask = 2147483647;
			files = (
				C3E5650EF0517C38168CC842 /* Pods_YLDouYuZB.framework in Frameworks */,
			);
			runOnlyForDeploymentPostprocessing = 0;
		};
		1F6D298F1D91249D0018518E /* Frameworks */ = {
			isa = PBXFrameworksBuildPhase;
			buildActionMask = 2147483647;
			files = (
			);
			runOnlyForDeploymentPostprocessing = 0;
		};
		1F6D299A1D91249D0018518E /* Frameworks */ = {
			isa = PBXFrameworksBuildPhase;
			buildActionMask = 2147483647;
			files = (
			);
			runOnlyForDeploymentPostprocessing = 0;
		};
/* End PBXFrameworksBuildPhase section */

/* Begin PBXGroup section */
		1F6D29751D91249C0018518E = {
			isa = PBXGroup;
			children = (
				1F6D29801D91249D0018518E /* YLDouYuZB */,
				1F6D29951D91249D0018518E /* YLDouYuZBTests */,
				1F6D29A01D91249D0018518E /* YLDouYuZBUITests */,
				1F6D297F1D91249D0018518E /* Products */,
				AA377F69E575CC17BD34A3DF /* Pods */,
				599C04EE3569C1975F0F5B09 /* Frameworks */,
			);
			sourceTree = "<group>";
		};
		1F6D297F1D91249D0018518E /* Products */ = {
			isa = PBXGroup;
			children = (
				1F6D297E1D91249D0018518E /* YLDouYuZB.app */,
				1F6D29921D91249D0018518E /* YLDouYuZBTests.xctest */,
				1F6D299D1D91249D0018518E /* YLDouYuZBUITests.xctest */,
			);
			name = Products;
			sourceTree = "<group>";
		};
		1F6D29801D91249D0018518E /* YLDouYuZB */ = {
			isa = PBXGroup;
			children = (
				1F6D29AF1D912AEA0018518E /* Classes */,
				1F6D29811D91249D0018518E /* AppDelegate.swift */,
				1F6D29881D91249D0018518E /* Assets.xcassets */,
				1F6D298A1D91249D0018518E /* LaunchScreen.storyboard */,
				1F6D298D1D91249D0018518E /* Info.plist */,
			);
			path = YLDouYuZB;
			sourceTree = "<group>";
		};
		1F6D29951D91249D0018518E /* YLDouYuZBTests */ = {
			isa = PBXGroup;
			children = (
				1F6D29961D91249D0018518E /* YLDouYuZBTests.swift */,
				1F6D29981D91249D0018518E /* Info.plist */,
			);
			path = YLDouYuZBTests;
			sourceTree = "<group>";
		};
		1F6D29A01D91249D0018518E /* YLDouYuZBUITests */ = {
			isa = PBXGroup;
			children = (
				1F6D29A11D91249D0018518E /* YLDouYuZBUITests.swift */,
				1F6D29A31D91249D0018518E /* Info.plist */,
			);
			path = YLDouYuZBUITests;
			sourceTree = "<group>";
		};
		1F6D29AF1D912AEA0018518E /* Classes */ = {
			isa = PBXGroup;
			children = (
				1F6D29BC1D912AEB0018518E /* Main */,
				1F6D29B41D912AEA0018518E /* Home */,
				1F6D29B81D912AEB0018518E /* Live */,
				1F6D29B01D912AEA0018518E /* Follow */,
				1F6D29C01D912AEB0018518E /* Profile */,
				1F6D29C41D912AEB0018518E /* Tools */,
			);
			path = Classes;
			sourceTree = "<group>";
		};
		1F6D29B01D912AEA0018518E /* Follow */ = {
			isa = PBXGroup;
			children = (
				1F6D29CA1D9130AD0018518E /* Follow.storyboard */,
				1F6D29B11D912AEA0018518E /* Controller */,
				1F6D29B21D912AEA0018518E /* Model */,
				1F6D29B31D912AEA0018518E /* View */,
			);
			path = Follow;
			sourceTree = "<group>";
		};
		1F6D29B11D912AEA0018518E /* Controller */ = {
			isa = PBXGroup;
			children = (
			);
			path = Controller;
			sourceTree = "<group>";
		};
		1F6D29B21D912AEA0018518E /* Model */ = {
			isa = PBXGroup;
			children = (
			);
			path = Model;
			sourceTree = "<group>";
		};
		1F6D29B31D912AEA0018518E /* View */ = {
			isa = PBXGroup;
			children = (
			);
			path = View;
			sourceTree = "<group>";
		};
		1F6D29B41D912AEA0018518E /* Home */ = {
			isa = PBXGroup;
			children = (
				794304321DAB7178005379C9 /* Model */,
				7943042C1DAB6078005379C9 /* ViewModel */,
				1F6D29B71D912AEA0018518E /* View */,
				1F6D29B51D912AEA0018518E /* Controller */,
			);
			path = Home;
			sourceTree = "<group>";
		};
		1F6D29B51D912AEA0018518E /* Controller */ = {
			isa = PBXGroup;
			children = (
				1F6D29C61D912FDB0018518E /* Home.storyboard */,
				1F6D29D51D9136DD0018518E /* YLHomeViewController.swift */,
				794452951D9E487500832E2B /* YLRecommendationViewController.swift */,
			);
			path = Controller;
			sourceTree = "<group>";
		};
		1F6D29B71D912AEA0018518E /* View */ = {
			isa = PBXGroup;
			children = (
				79F5F4201DAA218C00B2E68C /* YLCollectionHeaderView.swift */,
				79F5F4211DAA218C00B2E68C /* YLCollectionHeaderView.xib */,
				79CC3E3A1DAF1B68004C3560 /* YLRecommendCycleView.swift */,
				79CC3E3C1DAF1B83004C3560 /* YLRecommendCycleView.xib */,
				79CC3E401DAF61BA004C3560 /* YLCollectionCycleCell.swift */,
				79CC3E411DAF61BA004C3560 /* YLCollectionCycleCell.xib */,
				79131E531DB07FD0000206F4 /* YLRecommendGameView.swift */,
				79131E551DB07FE6000206F4 /* YLRecommendGameView.xib */,
				79131E571DB0A967000206F4 /* YLCollectionGameCell.swift */,
				79131E581DB0A967000206F4 /* YLCollectionGameCell.xib */,
			);
			path = View;
			sourceTree = "<group>";
		};
		1F6D29B81D912AEB0018518E /* Live */ = {
			isa = PBXGroup;
			children = (
				794304331DAB71A1005379C9 /* Model */,
				794304341DAB71A1005379C9 /* View */,
				1F6D29B91D912AEB0018518E /* Controller */,
			);
			path = Live;
			sourceTree = "<group>";
		};
		1F6D29B91D912AEB0018518E /* Controller */ = {
			isa = PBXGroup;
			children = (
				1F6D29C81D9130480018518E /* Live.storyboard */,
			);
			path = Controller;
			sourceTree = "<group>";
		};
		1F6D29BC1D912AEB0018518E /* Main */ = {
			isa = PBXGroup;
			children = (
				794304311DAB714E005379C9 /* Model */,
				1F6D29BF1D912AEB0018518E /* View */,
				1F6D29D21D91364E0018518E /* Controller */,
			);
			path = Main;
			sourceTree = "<group>";
		};
		1F6D29BF1D912AEB0018518E /* View */ = {
			isa = PBXGroup;
			children = (
				790CDBB51D92500E00ADBE04 /* YLPageTitleView.swift */,
				7931DCBB1D98ED7A00E6ABD6 /* YLPageContentView.swift */,
				79D4D4B01DAE2D77008FAAF7 /* YLCollectionBaseCell.swift */,
				79F5F4241DAA2A6800B2E68C /* YLCollectionNormalCell.swift */,
				79F5F4251DAA2A6800B2E68C /* YLCollectionNormalCell.xib */,
				79F5F4281DAA41EA00B2E68C /* YLCollectionPrettyCell.swift */,
				79F5F4291DAA41EA00B2E68C /* YLCollectionPrettyCell.xib */,
			);
			path = View;
			sourceTree = "<group>";
		};
		1F6D29C01D912AEB0018518E /* Profile */ = {
			isa = PBXGroup;
			children = (
				794304351DAB71E3005379C9 /* Model */,
				794304361DAB71E3005379C9 /* View */,
				1F6D29C11D912AEB0018518E /* Controller */,
			);
			path = Profile;
			sourceTree = "<group>";
		};
		1F6D29C11D912AEB0018518E /* Controller */ = {
			isa = PBXGroup;
			children = (
				1F6D29CE1D9131530018518E /* Proflie.storyboard */,
			);
			path = Controller;
			sourceTree = "<group>";
		};
		1F6D29C41D912AEB0018518E /* Tools */ = {
			isa = PBXGroup;
			children = (
				1F6D29C51D912AEB0018518E /* Extension */,
				790CDBB71D92561800ADBE04 /* Common.swift */,
				7943042A1DAB3E4C005379C9 /* YLNetWorkTools.swift */,
			);
			path = Tools;
			sourceTree = "<group>";
		};
		1F6D29C51D912AEB0018518E /* Extension */ = {
			isa = PBXGroup;
			children = (
				1F6D29D71D913C4C0018518E /* UIBarButtonItem-Extension.swift */,
				7931DCBD1D98F4DB00E6ABD6 /* UIColor-Extension.swift */,
				7943042F1DAB6739005379C9 /* NSDate-Extension.swift */,
			);
			path = Extension;
			sourceTree = "<group>";
		};
		1F6D29D21D91364E0018518E /* Controller */ = {
			isa = PBXGroup;
			children = (
				1F6D29851D91249D0018518E /* Main.storyboard */,
				1F6D29D31D91364E0018518E /* YLMainViewController.swift */,
			);
			path = Controller;
			sourceTree = "<group>";
		};
		599C04EE3569C1975F0F5B09 /* Frameworks */ = {
			isa = PBXGroup;
			children = (
				F7468B7355B7B5CB8C1C7D26 /* Pods_YLDouYuZB.framework */,
			);
			name = Frameworks;
			sourceTree = "<group>";
		};
		7943042C1DAB6078005379C9 /* ViewModel */ = {
			isa = PBXGroup;
			children = (
				7943042D1DAB60E0005379C9 /* YLRecommendViewModel.swift */,
			);
			path = ViewModel;
			sourceTree = "<group>";
		};
		794304311DAB714E005379C9 /* Model */ = {
			isa = PBXGroup;
			children = (
				794304391DAB7245005379C9 /* YLAnchorGroupModel.swift */,
				7943043B1DAB7BD3005379C9 /* YLAnchorModel.swift */,
			);
			path = Model;
			sourceTree = "<group>";
		};
		794304321DAB7178005379C9 /* Model */ = {
			isa = PBXGroup;
			children = (
				79CC3E3E1DAF5098004C3560 /* YLCycleModel.swift */,
			);
			path = Model;
			sourceTree = "<group>";
		};
		794304331DAB71A1005379C9 /* Model */ = {
			isa = PBXGroup;
			children = (
			);
			path = Model;
			sourceTree = "<group>";
		};
		794304341DAB71A1005379C9 /* View */ = {
			isa = PBXGroup;
			children = (
			);
			path = View;
			sourceTree = "<group>";
		};
		794304351DAB71E3005379C9 /* Model */ = {
			isa = PBXGroup;
			children = (
			);
			path = Model;
			sourceTree = "<group>";
		};
		794304361DAB71E3005379C9 /* View */ = {
			isa = PBXGroup;
			children = (
			);
			path = View;
			sourceTree = "<group>";
		};
		AA377F69E575CC17BD34A3DF /* Pods */ = {
			isa = PBXGroup;
			children = (
				48561886DB0AD8267F1A28D0 /* Pods-YLDouYuZB.debug.xcconfig */,
				2E1FA08B101B39C7623DCD91 /* Pods-YLDouYuZB.release.xcconfig */,
			);
			name = Pods;
			sourceTree = "<group>";
		};
/* End PBXGroup section */

/* Begin PBXNativeTarget section */
		1F6D297D1D91249C0018518E /* YLDouYuZB */ = {
			isa = PBXNativeTarget;
			buildConfigurationList = 1F6D29A61D91249D0018518E /* Build configuration list for PBXNativeTarget "YLDouYuZB" */;
			buildPhases = (
				6199420DE0D8691A84EE6796 /* [CP] Check Pods Manifest.lock */,
				1F6D297A1D91249C0018518E /* Sources */,
				1F6D297B1D91249C0018518E /* Frameworks */,
				1F6D297C1D91249C0018518E /* Resources */,
				EF020A1E4050B416782540C3 /* [CP] Embed Pods Frameworks */,
				D2AF7AA5B41356C2F7779054 /* [CP] Copy Pods Resources */,
			);
			buildRules = (
			);
			dependencies = (
			);
			name = YLDouYuZB;
			productName = YLDouYuZB;
			productReference = 1F6D297E1D91249D0018518E /* YLDouYuZB.app */;
			productType = "com.apple.product-type.application";
		};
		1F6D29911D91249D0018518E /* YLDouYuZBTests */ = {
			isa = PBXNativeTarget;
			buildConfigurationList = 1F6D29A91D91249D0018518E /* Build configuration list for PBXNativeTarget "YLDouYuZBTests" */;
			buildPhases = (
				1F6D298E1D91249D0018518E /* Sources */,
				1F6D298F1D91249D0018518E /* Frameworks */,
				1F6D29901D91249D0018518E /* Resources */,
			);
			buildRules = (
			);
			dependencies = (
				1F6D29941D91249D0018518E /* PBXTargetDependency */,
			);
			name = YLDouYuZBTests;
			productName = YLDouYuZBTests;
			productReference = 1F6D29921D91249D0018518E /* YLDouYuZBTests.xctest */;
			productType = "com.apple.product-type.bundle.unit-test";
		};
		1F6D299C1D91249D0018518E /* YLDouYuZBUITests */ = {
			isa = PBXNativeTarget;
			buildConfigurationList = 1F6D29AC1D91249D0018518E /* Build configuration list for PBXNativeTarget "YLDouYuZBUITests" */;
			buildPhases = (
				1F6D29991D91249D0018518E /* Sources */,
				1F6D299A1D91249D0018518E /* Frameworks */,
				1F6D299B1D91249D0018518E /* Resources */,
			);
			buildRules = (
			);
			dependencies = (
				1F6D299F1D91249D0018518E /* PBXTargetDependency */,
			);
			name = YLDouYuZBUITests;
			productName = YLDouYuZBUITests;
			productReference = 1F6D299D1D91249D0018518E /* YLDouYuZBUITests.xctest */;
			productType = "com.apple.product-type.bundle.ui-testing";
		};
/* End PBXNativeTarget section */

/* Begin PBXProject section */
		1F6D29761D91249C0018518E /* Project object */ = {
			isa = PBXProject;
			attributes = {
				CLASSPREFIX = YL;
				LastSwiftUpdateCheck = 0730;
				LastUpgradeCheck = 0800;
				ORGANIZATIONNAME = yl;
				TargetAttributes = {
					1F6D297D1D91249C0018518E = {
						CreatedOnToolsVersion = 7.3.1;
						DevelopmentTeam = DSU3LF2X7W;
						LastSwiftMigration = 0800;
					};
					1F6D29911D91249D0018518E = {
						CreatedOnToolsVersion = 7.3.1;
						LastSwiftMigration = 0800;
						TestTargetID = 1F6D297D1D91249C0018518E;
					};
					1F6D299C1D91249D0018518E = {
						CreatedOnToolsVersion = 7.3.1;
						LastSwiftMigration = 0800;
						TestTargetID = 1F6D297D1D91249C0018518E;
					};
				};
			};
			buildConfigurationList = 1F6D29791D91249C0018518E /* Build configuration list for PBXProject "YLDouYuZB" */;
			compatibilityVersion = "Xcode 3.2";
			developmentRegion = English;
			hasScannedForEncodings = 0;
			knownRegions = (
				en,
				Base,
			);
			mainGroup = 1F6D29751D91249C0018518E;
			productRefGroup = 1F6D297F1D91249D0018518E /* Products */;
			projectDirPath = "";
			projectRoot = "";
			targets = (
				1F6D297D1D91249C0018518E /* YLDouYuZB */,
				1F6D29911D91249D0018518E /* YLDouYuZBTests */,
				1F6D299C1D91249D0018518E /* YLDouYuZBUITests */,
			);
		};
/* End PBXProject section */

/* Begin PBXResourcesBuildPhase section */
		1F6D297C1D91249C0018518E /* Resources */ = {
			isa = PBXResourcesBuildPhase;
			buildActionMask = 2147483647;
			files = (
				79F5F4231DAA218C00B2E68C /* YLCollectionHeaderView.xib in Resources */,
				1F6D298C1D91249D0018518E /* LaunchScreen.storyboard in Resources */,
				1F6D29891D91249D0018518E /* Assets.xcassets in Resources */,
				1F6D29871D91249D0018518E /* Main.storyboard in Resources */,
				79131E5A1DB0A967000206F4 /* YLCollectionGameCell.xib in Resources */,
				79F5F42B1DAA41EA00B2E68C /* YLCollectionPrettyCell.xib in Resources */,
				1F6D29C91D9130480018518E /* Live.storyboard in Resources */,
				79CC3E3D1DAF1B83004C3560 /* YLRecommendCycleView.xib in Resources */,
				79CC3E431DAF61BA004C3560 /* YLCollectionCycleCell.xib in Resources */,
				1F6D29CF1D9131530018518E /* Proflie.storyboard in Resources */,
				1F6D29C71D912FDB0018518E /* Home.storyboard in Resources */,
				1F6D29CB1D9130AD0018518E /* Follow.storyboard in Resources */,
				79131E561DB07FE6000206F4 /* YLRecommendGameView.xib in Resources */,
				79F5F4271DAA2A6800B2E68C /* YLCollectionNormalCell.xib in Resources */,
			);
			runOnlyForDeploymentPostprocessing = 0;
		};
		1F6D29901D91249D0018518E /* Resources */ = {
			isa = PBXResourcesBuildPhase;
			buildActionMask = 2147483647;
			files = (
			);
			runOnlyForDeploymentPostprocessing = 0;
		};
		1F6D299B1D91249D0018518E /* Resources */ = {
			isa = PBXResourcesBuildPhase;
			buildActionMask = 2147483647;
			files = (
			);
			runOnlyForDeploymentPostprocessing = 0;
		};
/* End PBXResourcesBuildPhase section */

/* Begin PBXShellScriptBuildPhase section */
		6199420DE0D8691A84EE6796 /* [CP] Check Pods Manifest.lock */ = {
			isa = PBXShellScriptBuildPhase;
			buildActionMask = 2147483647;
			files = (
			);
			inputPaths = (
			);
			name = "[CP] Check Pods Manifest.lock";
			outputPaths = (
			);
			runOnlyForDeploymentPostprocessing = 0;
			shellPath = /bin/sh;
			shellScript = "diff \"${PODS_ROOT}/../Podfile.lock\" \"${PODS_ROOT}/Manifest.lock\" > /dev/null\nif [[ $? != 0 ]] ; then\n    cat << EOM\nerror: The sandbox is not in sync with the Podfile.lock. Run 'pod install' or update your CocoaPods installation.\nEOM\n    exit 1\nfi\n";
			showEnvVarsInLog = 0;
		};
		D2AF7AA5B41356C2F7779054 /* [CP] Copy Pods Resources */ = {
			isa = PBXShellScriptBuildPhase;
			buildActionMask = 2147483647;
			files = (
			);
			inputPaths = (
			);
			name = "[CP] Copy Pods Resources";
			outputPaths = (
			);
			runOnlyForDeploymentPostprocessing = 0;
			shellPath = /bin/sh;
			shellScript = "\"${SRCROOT}/Pods/Target Support Files/Pods-YLDouYuZB/Pods-YLDouYuZB-resources.sh\"\n";
			showEnvVarsInLog = 0;
		};
		EF020A1E4050B416782540C3 /* [CP] Embed Pods Frameworks */ = {
			isa = PBXShellScriptBuildPhase;
			buildActionMask = 2147483647;
			files = (
			);
			inputPaths = (
			);
			name = "[CP] Embed Pods Frameworks";
			outputPaths = (
			);
			runOnlyForDeploymentPostprocessing = 0;
			shellPath = /bin/sh;
			shellScript = "\"${SRCROOT}/Pods/Target Support Files/Pods-YLDouYuZB/Pods-YLDouYuZB-frameworks.sh\"\n";
			showEnvVarsInLog = 0;
		};
/* End PBXShellScriptBuildPhase section */

/* Begin PBXSourcesBuildPhase section */
		1F6D297A1D91249C0018518E /* Sources */ = {
			isa = PBXSourcesBuildPhase;
			buildActionMask = 2147483647;
			files = (
				1F6D29D61D9136DD0018518E /* YLHomeViewController.swift in Sources */,
				7943043A1DAB7245005379C9 /* YLAnchorGroupModel.swift in Sources */,
				7943043C1DAB7BD3005379C9 /* YLAnchorModel.swift in Sources */,
				79CC3E3B1DAF1B68004C3560 /* YLRecommendCycleView.swift in Sources */,
				7931DCBE1D98F4DB00E6ABD6 /* UIColor-Extension.swift in Sources */,
				790CDBB61D92500E00ADBE04 /* YLPageTitleView.swift in Sources */,
				79CC3E421DAF61BA004C3560 /* YLCollectionCycleCell.swift in Sources */,
				1F6D29D41D91364E0018518E /* YLMainViewController.swift in Sources */,
				79131E541DB07FD0000206F4 /* YLRecommendGameView.swift in Sources */,
				1F6D29D81D913C4C0018518E /* UIBarButtonItem-Extension.swift in Sources */,
				79D4D4B11DAE2D77008FAAF7 /* YLCollectionBaseCell.swift in Sources */,
				790CDBB81D92561800ADBE04 /* Common.swift in Sources */,
				79F5F4221DAA218C00B2E68C /* YLCollectionHeaderView.swift in Sources */,
				79CC3E3F1DAF5098004C3560 /* YLCycleModel.swift in Sources */,
				794452961D9E487500832E2B /* YLRecommendationViewController.swift in Sources */,
				7943042B1DAB3E4C005379C9 /* YLNetWorkTools.swift in Sources */,
				79131E591DB0A967000206F4 /* YLCollectionGameCell.swift in Sources */,
				79F5F42A1DAA41EA00B2E68C /* YLCollectionPrettyCell.swift in Sources */,
				794304301DAB6739005379C9 /* NSDate-Extension.swift in Sources */,
				7931DCBC1D98ED7A00E6ABD6 /* YLPageContentView.swift in Sources */,
				1F6D29821D91249D0018518E /* AppDelegate.swift in Sources */,
				7943042E1DAB60E0005379C9 /* YLRecommendViewModel.swift in Sources */,
				79F5F4261DAA2A6800B2E68C /* YLCollectionNormalCell.swift in Sources */,
			);
			runOnlyForDeploymentPostprocessing = 0;
		};
		1F6D298E1D91249D0018518E /* Sources */ = {
			isa = PBXSourcesBuildPhase;
			buildActionMask = 2147483647;
			files = (
				1F6D29971D91249D0018518E /* YLDouYuZBTests.swift in Sources */,
			);
			runOnlyForDeploymentPostprocessing = 0;
		};
		1F6D29991D91249D0018518E /* Sources */ = {
			isa = PBXSourcesBuildPhase;
			buildActionMask = 2147483647;
			files = (
				1F6D29A21D91249D0018518E /* YLDouYuZBUITests.swift in Sources */,
			);
			runOnlyForDeploymentPostprocessing = 0;
		};
/* End PBXSourcesBuildPhase section */

/* Begin PBXTargetDependency section */
		1F6D29941D91249D0018518E /* PBXTargetDependency */ = {
			isa = PBXTargetDependency;
			target = 1F6D297D1D91249C0018518E /* YLDouYuZB */;
			targetProxy = 1F6D29931D91249D0018518E /* PBXContainerItemProxy */;
		};
		1F6D299F1D91249D0018518E /* PBXTargetDependency */ = {
			isa = PBXTargetDependency;
			target = 1F6D297D1D91249C0018518E /* YLDouYuZB */;
			targetProxy = 1F6D299E1D91249D0018518E /* PBXContainerItemProxy */;
		};
/* End PBXTargetDependency section */

/* Begin PBXVariantGroup section */
		1F6D29851D91249D0018518E /* Main.storyboard */ = {
			isa = PBXVariantGroup;
			children = (
				1F6D29861D91249D0018518E /* Base */,
			);
			name = Main.storyboard;
			path = ../../..;
			sourceTree = "<group>";
		};
		1F6D298A1D91249D0018518E /* LaunchScreen.storyboard */ = {
			isa = PBXVariantGroup;
			children = (
				1F6D298B1D91249D0018518E /* Base */,
			);
			name = LaunchScreen.storyboard;
			sourceTree = "<group>";
		};
/* End PBXVariantGroup section */

/* Begin XCBuildConfiguration section */
		1F6D29A41D91249D0018518E /* Debug */ = {
			isa = XCBuildConfiguration;
			buildSettings = {
				ALWAYS_SEARCH_USER_PATHS = NO;
				CLANG_ANALYZER_NONNULL = YES;
				CLANG_CXX_LANGUAGE_STANDARD = "gnu++0x";
				CLANG_CXX_LIBRARY = "libc++";
				CLANG_ENABLE_MODULES = YES;
				CLANG_ENABLE_OBJC_ARC = YES;
				CLANG_WARN_BOOL_CONVERSION = YES;
				CLANG_WARN_CONSTANT_CONVERSION = YES;
				CLANG_WARN_DIRECT_OBJC_ISA_USAGE = YES_ERROR;
				CLANG_WARN_EMPTY_BODY = YES;
				CLANG_WARN_ENUM_CONVERSION = YES;
				CLANG_WARN_INFINITE_RECURSION = YES;
				CLANG_WARN_INT_CONVERSION = YES;
				CLANG_WARN_OBJC_ROOT_CLASS = YES_ERROR;
				CLANG_WARN_SUSPICIOUS_MOVE = YES;
				CLANG_WARN_UNREACHABLE_CODE = YES;
				CLANG_WARN__DUPLICATE_METHOD_MATCH = YES;
				"CODE_SIGN_IDENTITY[sdk=iphoneos*]" = "iPhone Developer";
				COPY_PHASE_STRIP = NO;
				DEBUG_INFORMATION_FORMAT = dwarf;
				ENABLE_STRICT_OBJC_MSGSEND = YES;
				ENABLE_TESTABILITY = YES;
				GCC_C_LANGUAGE_STANDARD = gnu99;
				GCC_DYNAMIC_NO_PIC = NO;
				GCC_NO_COMMON_BLOCKS = YES;
				GCC_OPTIMIZATION_LEVEL = 0;
				GCC_PREPROCESSOR_DEFINITIONS = (
					"DEBUG=1",
					"$(inherited)",
				);
				GCC_WARN_64_TO_32_BIT_CONVERSION = YES;
				GCC_WARN_ABOUT_RETURN_TYPE = YES_ERROR;
				GCC_WARN_UNDECLARED_SELECTOR = YES;
				GCC_WARN_UNINITIALIZED_AUTOS = YES_AGGRESSIVE;
				GCC_WARN_UNUSED_FUNCTION = YES;
				GCC_WARN_UNUSED_VARIABLE = YES;
				IPHONEOS_DEPLOYMENT_TARGET = 9.0;
				MTL_ENABLE_DEBUG_INFO = YES;
				ONLY_ACTIVE_ARCH = YES;
				SDKROOT = iphoneos;
				SWIFT_OPTIMIZATION_LEVEL = "-Onone";
			};
			name = Debug;
		};
		1F6D29A51D91249D0018518E /* Release */ = {
			isa = XCBuildConfiguration;
			buildSettings = {
				ALWAYS_SEARCH_USER_PATHS = NO;
				CLANG_ANALYZER_NONNULL = YES;
				CLANG_CXX_LANGUAGE_STANDARD = "gnu++0x";
				CLANG_CXX_LIBRARY = "libc++";
				CLANG_ENABLE_MODULES = YES;
				CLANG_ENABLE_OBJC_ARC = YES;
				CLANG_WARN_BOOL_CONVERSION = YES;
				CLANG_WARN_CONSTANT_CONVERSION = YES;
				CLANG_WARN_DIRECT_OBJC_ISA_USAGE = YES_ERROR;
				CLANG_WARN_EMPTY_BODY = YES;
				CLANG_WARN_ENUM_CONVERSION = YES;
				CLANG_WARN_INFINITE_RECURSION = YES;
				CLANG_WARN_INT_CONVERSION = YES;
				CLANG_WARN_OBJC_ROOT_CLASS = YES_ERROR;
				CLANG_WARN_SUSPICIOUS_MOVE = YES;
				CLANG_WARN_UNREACHABLE_CODE = YES;
				CLANG_WARN__DUPLICATE_METHOD_MATCH = YES;
				"CODE_SIGN_IDENTITY[sdk=iphoneos*]" = "iPhone Developer";
				COPY_PHASE_STRIP = NO;
				DEBUG_INFORMATION_FORMAT = "dwarf-with-dsym";
				ENABLE_NS_ASSERTIONS = NO;
				ENABLE_STRICT_OBJC_MSGSEND = YES;
				GCC_C_LANGUAGE_STANDARD = gnu99;
				GCC_NO_COMMON_BLOCKS = YES;
				GCC_WARN_64_TO_32_BIT_CONVERSION = YES;
				GCC_WARN_ABOUT_RETURN_TYPE = YES_ERROR;
				GCC_WARN_UNDECLARED_SELECTOR = YES;
				GCC_WARN_UNINITIALIZED_AUTOS = YES_AGGRESSIVE;
				GCC_WARN_UNUSED_FUNCTION = YES;
				GCC_WARN_UNUSED_VARIABLE = YES;
				IPHONEOS_DEPLOYMENT_TARGET = 9.0;
				MTL_ENABLE_DEBUG_INFO = NO;
				SDKROOT = iphoneos;
				SWIFT_OPTIMIZATION_LEVEL = "-Owholemodule";
				VALIDATE_PRODUCT = YES;
			};
			name = Release;
		};
		1F6D29A71D91249D0018518E /* Debug */ = {
			isa = XCBuildConfiguration;
			baseConfigurationReference = 48561886DB0AD8267F1A28D0 /* Pods-YLDouYuZB.debug.xcconfig */;
			buildSettings = {
				ALWAYS_EMBED_SWIFT_STANDARD_LIBRARIES = YES;
				ASSETCATALOG_COMPILER_APPICON_NAME = AppIcon;
				ASSETCATALOG_COMPILER_LAUNCHIMAGE_NAME = "Brand Assets";
				DEVELOPMENT_TEAM = DSU3LF2X7W;
				INFOPLIST_FILE = YLDouYuZB/Info.plist;
				IPHONEOS_DEPLOYMENT_TARGET = 9.0;
				LD_RUNPATH_SEARCH_PATHS = "$(inherited) @executable_path/Frameworks";
				PRODUCT_BUNDLE_IDENTIFIER = com.yl.YLDouYuZB;
				PRODUCT_NAME = "$(TARGET_NAME)";
				SWIFT_VERSION = 3.0;
				TARGETED_DEVICE_FAMILY = 1;
			};
			name = Debug;
		};
		1F6D29A81D91249D0018518E /* Release */ = {
			isa = XCBuildConfiguration;
			baseConfigurationReference = 2E1FA08B101B39C7623DCD91 /* Pods-YLDouYuZB.release.xcconfig */;
			buildSettings = {
				ALWAYS_EMBED_SWIFT_STANDARD_LIBRARIES = YES;
				ASSETCATALOG_COMPILER_APPICON_NAME = AppIcon;
				ASSETCATALOG_COMPILER_LAUNCHIMAGE_NAME = "Brand Assets";
				DEVELOPMENT_TEAM = DSU3LF2X7W;
				INFOPLIST_FILE = YLDouYuZB/Info.plist;
				IPHONEOS_DEPLOYMENT_TARGET = 9.0;
				LD_RUNPATH_SEARCH_PATHS = "$(inherited) @executable_path/Frameworks";
				PRODUCT_BUNDLE_IDENTIFIER = com.yl.YLDouYuZB;
				PRODUCT_NAME = "$(TARGET_NAME)";
				SWIFT_VERSION = 3.0;
				TARGETED_DEVICE_FAMILY = 1;
			};
			name = Release;
		};
		1F6D29AA1D91249D0018518E /* Debug */ = {
			isa = XCBuildConfiguration;
			buildSettings = {
				BUNDLE_LOADER = "$(TEST_HOST)";
				INFOPLIST_FILE = YLDouYuZBTests/Info.plist;
				LD_RUNPATH_SEARCH_PATHS = "$(inherited) @executable_path/Frameworks @loader_path/Frameworks";
				PRODUCT_BUNDLE_IDENTIFIER = com.yl.YLDouYuZBTests;
				PRODUCT_NAME = "$(TARGET_NAME)";
				SWIFT_VERSION = 3.0;
				TEST_HOST = "$(BUILT_PRODUCTS_DIR)/YLDouYuZB.app/YLDouYuZB";
			};
			name = Debug;
		};
		1F6D29AB1D91249D0018518E /* Release */ = {
			isa = XCBuildConfiguration;
			buildSettings = {
				BUNDLE_LOADER = "$(TEST_HOST)";
				INFOPLIST_FILE = YLDouYuZBTests/Info.plist;
				LD_RUNPATH_SEARCH_PATHS = "$(inherited) @executable_path/Frameworks @loader_path/Frameworks";
				PRODUCT_BUNDLE_IDENTIFIER = com.yl.YLDouYuZBTests;
				PRODUCT_NAME = "$(TARGET_NAME)";
				SWIFT_VERSION = 3.0;
				TEST_HOST = "$(BUILT_PRODUCTS_DIR)/YLDouYuZB.app/YLDouYuZB";
			};
			name = Release;
		};
		1F6D29AD1D91249D0018518E /* Debug */ = {
			isa = XCBuildConfiguration;
			buildSettings = {
				INFOPLIST_FILE = YLDouYuZBUITests/Info.plist;
				LD_RUNPATH_SEARCH_PATHS = "$(inherited) @executable_path/Frameworks @loader_path/Frameworks";
				PRODUCT_BUNDLE_IDENTIFIER = com.yl.YLDouYuZBUITests;
				PRODUCT_NAME = "$(TARGET_NAME)";
				SWIFT_VERSION = 3.0;
				TEST_TARGET_NAME = YLDouYuZB;
			};
			name = Debug;
		};
		1F6D29AE1D91249D0018518E /* Release */ = {
			isa = XCBuildConfiguration;
			buildSettings = {
				INFOPLIST_FILE = YLDouYuZBUITests/Info.plist;
				LD_RUNPATH_SEARCH_PATHS = "$(inherited) @executable_path/Frameworks @loader_path/Frameworks";
				PRODUCT_BUNDLE_IDENTIFIER = com.yl.YLDouYuZBUITests;
				PRODUCT_NAME = "$(TARGET_NAME)";
				SWIFT_VERSION = 3.0;
				TEST_TARGET_NAME = YLDouYuZB;
			};
			name = Release;
		};
/* End XCBuildConfiguration section */

/* Begin XCConfigurationList section */
		1F6D29791D91249C0018518E /* Build configuration list for PBXProject "YLDouYuZB" */ = {
			isa = XCConfigurationList;
			buildConfigurations = (
				1F6D29A41D91249D0018518E /* Debug */,
				1F6D29A51D91249D0018518E /* Release */,
			);
			defaultConfigurationIsVisible = 0;
			defaultConfigurationName = Release;
		};
		1F6D29A61D91249D0018518E /* Build configuration list for PBXNativeTarget "YLDouYuZB" */ = {
			isa = XCConfigurationList;
			buildConfigurations = (
				1F6D29A71D91249D0018518E /* Debug */,
				1F6D29A81D91249D0018518E /* Release */,
			);
			defaultConfigurationIsVisible = 0;
			defaultConfigurationName = Release;
		};
		1F6D29A91D91249D0018518E /* Build configuration list for PBXNativeTarget "YLDouYuZBTests" */ = {
			isa = XCConfigurationList;
			buildConfigurations = (
				1F6D29AA1D91249D0018518E /* Debug */,
				1F6D29AB1D91249D0018518E /* Release */,
			);
			defaultConfigurationIsVisible = 0;
			defaultConfigurationName = Release;
		};
		1F6D29AC1D91249D0018518E /* Build configuration list for PBXNativeTarget "YLDouYuZBUITests" */ = {
			isa = XCConfigurationList;
			buildConfigurations = (
				1F6D29AD1D91249D0018518E /* Debug */,
				1F6D29AE1D91249D0018518E /* Release */,
			);
			defaultConfigurationIsVisible = 0;
			defaultConfigurationName = Release;
		};
/* End XCConfigurationList section */
	};
	rootObject = 1F6D29761D91249C0018518E /* Project object */;
}
